<Solution>
  <Folder Name="/src/">
    <Project Path="src/Centinela.Api/Centinela.Api.csproj" />
    <Project Path="src/Centinela.Application/Centinela.Application.csproj" />
    <Project Path="src/Centinela.Domain/Centinela.Domain.csproj" />
    <Project Path="src/Centinela.Infrastructure/Centinela.Infrastructure.csproj" />
  </Folder>
  <Folder Name="/tests/">
    <Project Path="tests/Centinela.IntegrationTests/Centinela.IntegrationTests.csproj" />
    <Project Path="tests/Centinela.UnitTests/Centinela.UnitTests.csproj" />
  </Folder>
</Solution>
